
Microsoft Visual Studio Solution File, Format Version 12.00
# Visual Studio Version 17
VisualStudioVersion = 17.9.34728.123
MinimumVisualStudioVersion = 10.0.40219.1
Project("{FAE04EC0-301F-11D3-BF4B-00C04F79EFBC}") = "Contracts", "Contracts\Contracts.csproj", "{AA8266C8-0149-46B8-AECD-AFD9115C3BFE}"
EndProject
Global
	GlobalSection(SolutionConfigurationPlatforms) = preSolution
		Debug|Any CPU = Debug|Any CPU
		Release|Any CPU = Release|Any CPU
	EndGlobalSection
	GlobalSection(ProjectConfigurationPlatforms) = postSolution
		{AA8266C8-0149-46B8-AECD-AFD9115C3BFE}.Debug|Any CPU.ActiveCfg = Debug|Any CPU
		{AA8266C8-0149-46B8-AECD-AFD9115C3BFE}.Debug|Any CPU.Build.0 = Debug|Any CPU
		{AA8266C8-0149-46B8-AECD-AFD9115C3BFE}.Release|Any CPU.ActiveCfg = Release|Any CPU
		{AA8266C8-0149-46B8-AECD-AFD9115C3BFE}.Release|Any CPU.Build.0 = Release|Any CPU
	EndGlobalSection
	GlobalSection(SolutionProperties) = preSolution
		HideSolutionNode = FALSE
	EndGlobalSection
	GlobalSection(ExtensibilityGlobals) = postSolution
		SolutionGuid = {5C4739DF-D770-4F4C-8D88-C7610D386EC2}
	EndGlobalSection
EndGlobal
